
Microsoft Visual Studio Solution File, Format Version 12.00
# Visual Studio Version 17
VisualStudioVersion = 17.14.36221.1 d17.14
MinimumVisualStudioVersion = 10.0.40219.1
Project("{FAE04EC0-301F-11D3-BF4B-00C04F79EFBC}") = "Demo", "Demo.csproj", "{60A25CFB-008E-4EAC-A7D7-C97A760C1E1A}"
EndProject
Global
	GlobalSection(SolutionConfigurationPlatforms) = preSolution
		Debug|Any CPU = Debug|Any CPU
		Release|Any CPU = Release|Any CPU
	EndGlobalSection
	GlobalSection(ProjectConfigurationPlatforms) = postSolution
		{60A25CFB-008E-4EAC-A7D7-C97A760C1E1A}.Debug|Any CPU.ActiveCfg = Debug|Any CPU
		{60A25CFB-008E-4EAC-A7D7-C97A760C1E1A}.Debug|Any CPU.Build.0 = Debug|Any CPU
		{60A25CFB-008E-4EAC-A7D7-C97A760C1E1A}.Release|Any CPU.ActiveCfg = Release|Any CPU
		{60A25CFB-008E-4EAC-A7D7-C97A760C1E1A}.Release|Any CPU.Build.0 = Release|Any CPU
	EndGlobalSection
	GlobalSection(SolutionProperties) = preSolution
		HideSolutionNode = FALSE
	EndGlobalSection
	GlobalSection(ExtensibilityGlobals) = postSolution
		SolutionGuid = {F17BC5EC-A148-4E30-82EC-DAF27E972833}
	EndGlobalSection
EndGlobal
